
Microsoft Visual Studio Solution File, Format Version 12.00
# Visual Studio Version 17
VisualStudioVersion = 17.2.32630.192
MinimumVisualStudioVersion = 10.0.40219.1
Project("{9A19103F-16F7-4668-BE54-9A1E7A4F7556}") = "Employee_crud_mvc", "Employee_crud_mvc\Employee_crud_mvc.csproj", "{E2F18AFE-3829-4245-B04B-2785D3370904}"
EndProject
Project("{FAE04EC0-301F-11D3-BF4B-00C04F79EFBC}") = "Employee.API", "Employee.API\Employee.API.csproj", "{DC29A77E-299A-4B2E-9C30-7699FBB4B755}"
EndProject
Global
	GlobalSection(SolutionConfigurationPlatforms) = preSolution
		Debug|Any CPU = Debug|Any CPU
		Release|Any CPU = Release|Any CPU
	EndGlobalSection
	GlobalSection(ProjectConfigurationPlatforms) = postSolution
		{E2F18AFE-3829-4245-B04B-2785D3370904}.Debug|Any CPU.ActiveCfg = Debug|Any CPU
		{E2F18AFE-3829-4245-B04B-2785D3370904}.Debug|Any CPU.Build.0 = Debug|Any CPU
		{E2F18AFE-3829-4245-B04B-2785D3370904}.Release|Any CPU.ActiveCfg = Release|Any CPU
		{E2F18AFE-3829-4245-B04B-2785D3370904}.Release|Any CPU.Build.0 = Release|Any CPU
		{DC29A77E-299A-4B2E-9C30-7699FBB4B755}.Debug|Any CPU.ActiveCfg = Debug|Any CPU
		{DC29A77E-299A-4B2E-9C30-7699FBB4B755}.Debug|Any CPU.Build.0 = Debug|Any CPU
		{DC29A77E-299A-4B2E-9C30-7699FBB4B755}.Release|Any CPU.ActiveCfg = Release|Any CPU
		{DC29A77E-299A-4B2E-9C30-7699FBB4B755}.Release|Any CPU.Build.0 = Release|Any CPU
	EndGlobalSection
	GlobalSection(SolutionProperties) = preSolution
		HideSolutionNode = FALSE
	EndGlobalSection
	GlobalSection(ExtensibilityGlobals) = postSolution
		SolutionGuid = {EC2387A5-E826-4A48-9439-CB0853309717}
	EndGlobalSection
EndGlobal
